// !$*UTF8*$!
{
	archiveVersion = 1;
	classes = {
	};
	objectVersion = 50;
	objects = {

/* Begin PBXBuildFile section */
		2A45817B22F067CD0053B2F9 /* ArgumentsParser.swift in Sources */ = {isa = PBXBuildFile; fileRef = 55C4B891227C81C400584680 /* ArgumentsParser.swift */; };
		2A45817C22F067E60053B2F9 /* Configuration.swift in Sources */ = {isa = PBXBuildFile; fileRef = 5546DF3B227CA06F00695595 /* Configuration.swift */; };
		2A45817D22F067E90053B2F9 /* ConfigurationError.swift in Sources */ = {isa = PBXBuildFile; fileRef = 5546DF3C227CA06F00695595 /* ConfigurationError.swift */; };
		2A45817E22F067EC0053B2F9 /* ConfigurationManagerGenerator.swift in Sources */ = {isa = PBXBuildFile; fileRef = 5546DF3A227CA06F00695595 /* ConfigurationManagerGenerator.swift */; };
		2A45817F22F067EE0053B2F9 /* ConfigurationManagerTemplate.swift in Sources */ = {isa = PBXBuildFile; fileRef = 5546DF38227CA06F00695595 /* ConfigurationManagerTemplate.swift */; };
		2A45818022F067F10053B2F9 /* ConfigurationProvider.swift in Sources */ = {isa = PBXBuildFile; fileRef = 5546DF3D227CA06F00695595 /* ConfigurationProvider.swift */; };
		2A45818122F067F30053B2F9 /* ConfigurationValidator.swift in Sources */ = {isa = PBXBuildFile; fileRef = 5546DF39227CA06F00695595 /* ConfigurationValidator.swift */; };
		2A45818222F067F70053B2F9 /* PlistModifier.swift in Sources */ = {isa = PBXBuildFile; fileRef = 5546DF3E227CA06F00695595 /* PlistModifier.swift */; };
		2A45818322F067F90053B2F9 /* MessagePrinter.swift in Sources */ = {isa = PBXBuildFile; fileRef = 2AACA86422EF35BA00933B57 /* MessagePrinter.swift */; };
		2A45818522F07C910053B2F9 /* ArgumentParserTests.swift in Sources */ = {isa = PBXBuildFile; fileRef = 2A45818422F07C910053B2F9 /* ArgumentParserTests.swift */; };
		2A45818722F085570053B2F9 /* ValidConfiguration.plist in Resources */ = {isa = PBXBuildFile; fileRef = 2A45818622F085570053B2F9 /* ValidConfiguration.plist */; };
		2A45818922F091380053B2F9 /* ConfigurationProviderTests.swift in Sources */ = {isa = PBXBuildFile; fileRef = 2A45818822F091380053B2F9 /* ConfigurationProviderTests.swift */; };
		2A45818B22F096DB0053B2F9 /* ConfigurationValidatorTests.swift in Sources */ = {isa = PBXBuildFile; fileRef = 2A45818A22F096DB0053B2F9 /* ConfigurationValidatorTests.swift */; };
		2A45818D22F0B54A0053B2F9 /* InvalidConfiguration.plist in Resources */ = {isa = PBXBuildFile; fileRef = 2A45818C22F0B54A0053B2F9 /* InvalidConfiguration.plist */; };
		2AACA86522EF35BA00933B57 /* MessagePrinter.swift in Sources */ = {isa = PBXBuildFile; fileRef = 2AACA86422EF35BA00933B57 /* MessagePrinter.swift */; };
		2AACA86922EF384000933B57 /* main.swift in Sources */ = {isa = PBXBuildFile; fileRef = 2AACA86822EF384000933B57 /* main.swift */; };
		2AC31F94230AE06900F2F591 /* EnvironmentParser.swift in Sources */ = {isa = PBXBuildFile; fileRef = 2AC31F93230AE06900F2F591 /* EnvironmentParser.swift */; };
		5546DF3F227CA06F00695595 /* ConfigurationManagerTemplate.swift in Sources */ = {isa = PBXBuildFile; fileRef = 5546DF38227CA06F00695595 /* ConfigurationManagerTemplate.swift */; };
		5546DF40227CA06F00695595 /* ConfigurationValidator.swift in Sources */ = {isa = PBXBuildFile; fileRef = 5546DF39227CA06F00695595 /* ConfigurationValidator.swift */; };
		5546DF41227CA06F00695595 /* ConfigurationManagerGenerator.swift in Sources */ = {isa = PBXBuildFile; fileRef = 5546DF3A227CA06F00695595 /* ConfigurationManagerGenerator.swift */; };
		5546DF42227CA06F00695595 /* Configuration.swift in Sources */ = {isa = PBXBuildFile; fileRef = 5546DF3B227CA06F00695595 /* Configuration.swift */; };
		5546DF43227CA06F00695595 /* ConfigurationError.swift in Sources */ = {isa = PBXBuildFile; fileRef = 5546DF3C227CA06F00695595 /* ConfigurationError.swift */; };
		5546DF44227CA06F00695595 /* ConfigurationProvider.swift in Sources */ = {isa = PBXBuildFile; fileRef = 5546DF3D227CA06F00695595 /* ConfigurationProvider.swift */; };
		5546DF45227CA06F00695595 /* PlistModifier.swift in Sources */ = {isa = PBXBuildFile; fileRef = 5546DF3E227CA06F00695595 /* PlistModifier.swift */; };
		55C4B892227C81C400584680 /* ArgumentsParser.swift in Sources */ = {isa = PBXBuildFile; fileRef = 55C4B891227C81C400584680 /* ArgumentsParser.swift */; };
/* End PBXBuildFile section */

/* Begin PBXCopyFilesBuildPhase section */
		55C4B88C227C81C400584680 /* CopyFiles */ = {
			isa = PBXCopyFilesBuildPhase;
			buildActionMask = 2147483647;
			dstPath = /usr/share/man/man1/;
			dstSubfolderSpec = 0;
			files = (
			);
			runOnlyForDeploymentPostprocessing = 1;
		};
/* End PBXCopyFilesBuildPhase section */

/* Begin PBXFileReference section */
		2A45817322F0674B0053B2F9 /* SwiftConfigurationTests.xctest */ = {isa = PBXFileReference; explicitFileType = wrapper.cfbundle; includeInIndex = 0; path = SwiftConfigurationTests.xctest; sourceTree = BUILT_PRODUCTS_DIR; };
		2A45817722F0674B0053B2F9 /* Info.plist */ = {isa = PBXFileReference; lastKnownFileType = text.plist.xml; path = Info.plist; sourceTree = "<group>"; };
		2A45818422F07C910053B2F9 /* ArgumentParserTests.swift */ = {isa = PBXFileReference; lastKnownFileType = sourcecode.swift; path = ArgumentParserTests.swift; sourceTree = "<group>"; };
		2A45818622F085570053B2F9 /* ValidConfiguration.plist */ = {isa = PBXFileReference; fileEncoding = 4; lastKnownFileType = text.plist.xml; path = ValidConfiguration.plist; sourceTree = "<group>"; };
		2A45818822F091380053B2F9 /* ConfigurationProviderTests.swift */ = {isa = PBXFileReference; lastKnownFileType = sourcecode.swift; path = ConfigurationProviderTests.swift; sourceTree = "<group>"; };
		2A45818A22F096DB0053B2F9 /* ConfigurationValidatorTests.swift */ = {isa = PBXFileReference; lastKnownFileType = sourcecode.swift; path = ConfigurationValidatorTests.swift; sourceTree = "<group>"; };
		2A45818C22F0B54A0053B2F9 /* InvalidConfiguration.plist */ = {isa = PBXFileReference; fileEncoding = 4; lastKnownFileType = text.plist.xml; path = InvalidConfiguration.plist; sourceTree = "<group>"; };
		2AACA86422EF35BA00933B57 /* MessagePrinter.swift */ = {isa = PBXFileReference; lastKnownFileType = sourcecode.swift; path = MessagePrinter.swift; sourceTree = "<group>"; };
		2AACA86822EF384000933B57 /* main.swift */ = {isa = PBXFileReference; fileEncoding = 4; lastKnownFileType = sourcecode.swift; path = main.swift; sourceTree = "<group>"; };
		2AC31F93230AE06900F2F591 /* EnvironmentParser.swift */ = {isa = PBXFileReference; lastKnownFileType = sourcecode.swift; path = EnvironmentParser.swift; sourceTree = "<group>"; };
		5546DF38227CA06F00695595 /* ConfigurationManagerTemplate.swift */ = {isa = PBXFileReference; fileEncoding = 4; lastKnownFileType = sourcecode.swift; path = ConfigurationManagerTemplate.swift; sourceTree = "<group>"; };
		5546DF39227CA06F00695595 /* ConfigurationValidator.swift */ = {isa = PBXFileReference; fileEncoding = 4; lastKnownFileType = sourcecode.swift; path = ConfigurationValidator.swift; sourceTree = "<group>"; };
		5546DF3A227CA06F00695595 /* ConfigurationManagerGenerator.swift */ = {isa = PBXFileReference; fileEncoding = 4; lastKnownFileType = sourcecode.swift; path = ConfigurationManagerGenerator.swift; sourceTree = "<group>"; };
		5546DF3B227CA06F00695595 /* Configuration.swift */ = {isa = PBXFileReference; fileEncoding = 4; lastKnownFileType = sourcecode.swift; path = Configuration.swift; sourceTree = "<group>"; };
		5546DF3C227CA06F00695595 /* ConfigurationError.swift */ = {isa = PBXFileReference; fileEncoding = 4; lastKnownFileType = sourcecode.swift; path = ConfigurationError.swift; sourceTree = "<group>"; };
		5546DF3D227CA06F00695595 /* ConfigurationProvider.swift */ = {isa = PBXFileReference; fileEncoding = 4; lastKnownFileType = sourcecode.swift; path = ConfigurationProvider.swift; sourceTree = "<group>"; };
		5546DF3E227CA06F00695595 /* PlistModifier.swift */ = {isa = PBXFileReference; fileEncoding = 4; lastKnownFileType = sourcecode.swift; path = PlistModifier.swift; sourceTree = "<group>"; };
		55C4B88E227C81C400584680 /* SwiftConfiguration */ = {isa = PBXFileReference; explicitFileType = "compiled.mach-o.executable"; includeInIndex = 0; path = SwiftConfiguration; sourceTree = BUILT_PRODUCTS_DIR; };
		55C4B891227C81C400584680 /* ArgumentsParser.swift */ = {isa = PBXFileReference; lastKnownFileType = sourcecode.swift; path = ArgumentsParser.swift; sourceTree = "<group>"; };
/* End PBXFileReference section */

/* Begin PBXFrameworksBuildPhase section */
		2A45817022F0674B0053B2F9 /* Frameworks */ = {
			isa = PBXFrameworksBuildPhase;
			buildActionMask = 2147483647;
			files = (
			);
			runOnlyForDeploymentPostprocessing = 0;
		};
		55C4B88B227C81C400584680 /* Frameworks */ = {
			isa = PBXFrameworksBuildPhase;
			buildActionMask = 2147483647;
			files = (
			);
			runOnlyForDeploymentPostprocessing = 0;
		};
/* End PBXFrameworksBuildPhase section */

/* Begin PBXGroup section */
		2A45817422F0674B0053B2F9 /* SwiftConfigurationTests */ = {
			isa = PBXGroup;
			children = (
				2A45817722F0674B0053B2F9 /* Info.plist */,
				2A45818C22F0B54A0053B2F9 /* InvalidConfiguration.plist */,
				2A45818622F085570053B2F9 /* ValidConfiguration.plist */,
				2A45818422F07C910053B2F9 /* ArgumentParserTests.swift */,
				2A45818822F091380053B2F9 /* ConfigurationProviderTests.swift */,
				2A45818A22F096DB0053B2F9 /* ConfigurationValidatorTests.swift */,
			);
			path = SwiftConfigurationTests;
			sourceTree = "<group>";
		};
		55C4B885227C81C400584680 = {
			isa = PBXGroup;
			children = (
				55C4B890227C81C400584680 /* SwiftConfiguration */,
				2A45817422F0674B0053B2F9 /* SwiftConfigurationTests */,
				55C4B88F227C81C400584680 /* Products */,
			);
			sourceTree = "<group>";
		};
		55C4B88F227C81C400584680 /* Products */ = {
			isa = PBXGroup;
			children = (
				55C4B88E227C81C400584680 /* SwiftConfiguration */,
				2A45817322F0674B0053B2F9 /* SwiftConfigurationTests.xctest */,
			);
			name = Products;
			sourceTree = "<group>";
		};
		55C4B890227C81C400584680 /* SwiftConfiguration */ = {
			isa = PBXGroup;
			children = (
				2AACA86822EF384000933B57 /* main.swift */,
				2AC31F93230AE06900F2F591 /* EnvironmentParser.swift */,
				55C4B891227C81C400584680 /* ArgumentsParser.swift */,
				5546DF3B227CA06F00695595 /* Configuration.swift */,
				5546DF3C227CA06F00695595 /* ConfigurationError.swift */,
				5546DF3A227CA06F00695595 /* ConfigurationManagerGenerator.swift */,
				5546DF38227CA06F00695595 /* ConfigurationManagerTemplate.swift */,
				5546DF3D227CA06F00695595 /* ConfigurationProvider.swift */,
				5546DF39227CA06F00695595 /* ConfigurationValidator.swift */,
				5546DF3E227CA06F00695595 /* PlistModifier.swift */,
				2AACA86422EF35BA00933B57 /* MessagePrinter.swift */,
			);
			path = SwiftConfiguration;
			sourceTree = "<group>";
		};
/* End PBXGroup section */

/* Begin PBXNativeTarget section */
		2A45817222F0674B0053B2F9 /* SwiftConfigurationTests */ = {
			isa = PBXNativeTarget;
			buildConfigurationList = 2A45817A22F0674B0053B2F9 /* Build configuration list for PBXNativeTarget "SwiftConfigurationTests" */;
			buildPhases = (
				2A45816F22F0674B0053B2F9 /* Sources */,
				2A45817022F0674B0053B2F9 /* Frameworks */,
				2A45817122F0674B0053B2F9 /* Resources */,
			);
			buildRules = (
			);
			dependencies = (
			);
			name = SwiftConfigurationTests;
			productName = SwiftConfigurationTests;
			productReference = 2A45817322F0674B0053B2F9 /* SwiftConfigurationTests.xctest */;
			productType = "com.apple.product-type.bundle.unit-test";
		};
		55C4B88D227C81C400584680 /* SwiftConfiguration */ = {
			isa = PBXNativeTarget;
			buildConfigurationList = 55C4B895227C81C400584680 /* Build configuration list for PBXNativeTarget "SwiftConfiguration" */;
			buildPhases = (
				55C4B88A227C81C400584680 /* Sources */,
				55C4B88B227C81C400584680 /* Frameworks */,
				55C4B88C227C81C400584680 /* CopyFiles */,
			);
			buildRules = (
			);
			dependencies = (
			);
			name = SwiftConfiguration;
			productName = SwiftConfiguration;
			productReference = 55C4B88E227C81C400584680 /* SwiftConfiguration */;
			productType = "com.apple.product-type.tool";
		};
/* End PBXNativeTarget section */

/* Begin PBXProject section */
		55C4B886227C81C400584680 /* Project object */ = {
			isa = PBXProject;
			attributes = {
				LastSwiftUpdateCheck = 1020;
				LastUpgradeCheck = 1020;
				ORGANIZATIONNAME = Apify;
				TargetAttributes = {
					2A45817222F0674B0053B2F9 = {
						CreatedOnToolsVersion = 10.2.1;
					};
					55C4B88D227C81C400584680 = {
						CreatedOnToolsVersion = 10.2.1;
					};
				};
			};
			buildConfigurationList = 55C4B889227C81C400584680 /* Build configuration list for PBXProject "SwiftConfiguration" */;
			compatibilityVersion = "Xcode 9.3";
			developmentRegion = en;
			hasScannedForEncodings = 0;
			knownRegions = (
				en,
			);
			mainGroup = 55C4B885227C81C400584680;
			productRefGroup = 55C4B88F227C81C400584680 /* Products */;
			projectDirPath = "";
			projectRoot = "";
			targets = (
				55C4B88D227C81C400584680 /* SwiftConfiguration */,
				2A45817222F0674B0053B2F9 /* SwiftConfigurationTests */,
			);
		};
/* End PBXProject section */

/* Begin PBXResourcesBuildPhase section */
		2A45817122F0674B0053B2F9 /* Resources */ = {
			isa = PBXResourcesBuildPhase;
			buildActionMask = 2147483647;
			files = (
				2A45818722F085570053B2F9 /* ValidConfiguration.plist in Resources */,
				2A45818D22F0B54A0053B2F9 /* InvalidConfiguration.plist in Resources */,
			);
			runOnlyForDeploymentPostprocessing = 0;
		};
/* End PBXResourcesBuildPhase section */

/* Begin PBXSourcesBuildPhase section */
		2A45816F22F0674B0053B2F9 /* Sources */ = {
			isa = PBXSourcesBuildPhase;
			buildActionMask = 2147483647;
			files = (
				2A45818222F067F70053B2F9 /* PlistModifier.swift in Sources */,
				2A45818522F07C910053B2F9 /* ArgumentParserTests.swift in Sources */,
				2A45817E22F067EC0053B2F9 /* ConfigurationManagerGenerator.swift in Sources */,
				2A45818322F067F90053B2F9 /* MessagePrinter.swift in Sources */,
				2A45817C22F067E60053B2F9 /* Configuration.swift in Sources */,
				2A45818022F067F10053B2F9 /* ConfigurationProvider.swift in Sources */,
				2A45817D22F067E90053B2F9 /* ConfigurationError.swift in Sources */,
				2A45818122F067F30053B2F9 /* ConfigurationValidator.swift in Sources */,
				2A45817F22F067EE0053B2F9 /* ConfigurationManagerTemplate.swift in Sources */,
				2A45818922F091380053B2F9 /* ConfigurationProviderTests.swift in Sources */,
				2A45817B22F067CD0053B2F9 /* ArgumentsParser.swift in Sources */,
				2A45818B22F096DB0053B2F9 /* ConfigurationValidatorTests.swift in Sources */,
			);
			runOnlyForDeploymentPostprocessing = 0;
		};
		55C4B88A227C81C400584680 /* Sources */ = {
			isa = PBXSourcesBuildPhase;
			buildActionMask = 2147483647;
			files = (
				5546DF41227CA06F00695595 /* ConfigurationManagerGenerator.swift in Sources */,
				5546DF45227CA06F00695595 /* PlistModifier.swift in Sources */,
				5546DF42227CA06F00695595 /* Configuration.swift in Sources */,
				2AACA86522EF35BA00933B57 /* MessagePrinter.swift in Sources */,
				5546DF44227CA06F00695595 /* ConfigurationProvider.swift in Sources */,
				5546DF40227CA06F00695595 /* ConfigurationValidator.swift in Sources */,
				2AACA86922EF384000933B57 /* main.swift in Sources */,
				5546DF43227CA06F00695595 /* ConfigurationError.swift in Sources */,
				5546DF3F227CA06F00695595 /* ConfigurationManagerTemplate.swift in Sources */,
				2AC31F94230AE06900F2F591 /* EnvironmentParser.swift in Sources */,
				55C4B892227C81C400584680 /* ArgumentsParser.swift in Sources */,
			);
			runOnlyForDeploymentPostprocessing = 0;
		};
/* End PBXSourcesBuildPhase section */

/* Begin XCBuildConfiguration section */
		2A45817822F0674B0053B2F9 /* Debug */ = {
			isa = XCBuildConfiguration;
			buildSettings = {
				CODE_SIGN_STYLE = Automatic;
				COMBINE_HIDPI_IMAGES = YES;
				DEVELOPMENT_TEAM = DVN8E8NEQT;
				INFOPLIST_FILE = SwiftConfigurationTests/Info.plist;
				LD_RUNPATH_SEARCH_PATHS = (
					"$(inherited)",
					"@executable_path/../Frameworks",
					"@loader_path/../Frameworks",
				);
				PRODUCT_BUNDLE_IDENTIFIER = uk.co.objectivity.SwiftConfigurationTests;
				PRODUCT_NAME = "$(TARGET_NAME)";
				SWIFT_VERSION = 5.0;
			};
			name = Debug;
		};
		2A45817922F0674B0053B2F9 /* Release */ = {
			isa = XCBuildConfiguration;
			buildSettings = {
				CODE_SIGN_STYLE = Automatic;
				COMBINE_HIDPI_IMAGES = YES;
				DEVELOPMENT_TEAM = DVN8E8NEQT;
				INFOPLIST_FILE = SwiftConfigurationTests/Info.plist;
				LD_RUNPATH_SEARCH_PATHS = (
					"$(inherited)",
					"@executable_path/../Frameworks",
					"@loader_path/../Frameworks",
				);
				PRODUCT_BUNDLE_IDENTIFIER = uk.co.objectivity.SwiftConfigurationTests;
				PRODUCT_NAME = "$(TARGET_NAME)";
				SWIFT_VERSION = 5.0;
			};
			name = Release;
		};
		55C4B893227C81C400584680 /* Debug */ = {
			isa = XCBuildConfiguration;
			buildSettings = {
				ALWAYS_SEARCH_USER_PATHS = NO;
				CLANG_ANALYZER_NONNULL = YES;
				CLANG_ANALYZER_NUMBER_OBJECT_CONVERSION = YES_AGGRESSIVE;
				CLANG_CXX_LANGUAGE_STANDARD = "gnu++14";
				CLANG_CXX_LIBRARY = "libc++";
				CLANG_ENABLE_MODULES = YES;
				CLANG_ENABLE_OBJC_ARC = YES;
				CLANG_ENABLE_OBJC_WEAK = YES;
				CLANG_WARN_BLOCK_CAPTURE_AUTORELEASING = YES;
				CLANG_WARN_BOOL_CONVERSION = YES;
				CLANG_WARN_COMMA = YES;
				CLANG_WARN_CONSTANT_CONVERSION = YES;
				CLANG_WARN_DEPRECATED_OBJC_IMPLEMENTATIONS = YES;
				CLANG_WARN_DIRECT_OBJC_ISA_USAGE = YES_ERROR;
				CLANG_WARN_DOCUMENTATION_COMMENTS = YES;
				CLANG_WARN_EMPTY_BODY = YES;
				CLANG_WARN_ENUM_CONVERSION = YES;
				CLANG_WARN_INFINITE_RECURSION = YES;
				CLANG_WARN_INT_CONVERSION = YES;
				CLANG_WARN_NON_LITERAL_NULL_CONVERSION = YES;
				CLANG_WARN_OBJC_IMPLICIT_RETAIN_SELF = YES;
				CLANG_WARN_OBJC_LITERAL_CONVERSION = YES;
				CLANG_WARN_OBJC_ROOT_CLASS = YES_ERROR;
				CLANG_WARN_RANGE_LOOP_ANALYSIS = YES;
				CLANG_WARN_STRICT_PROTOTYPES = YES;
				CLANG_WARN_SUSPICIOUS_MOVE = YES;
				CLANG_WARN_UNGUARDED_AVAILABILITY = YES_AGGRESSIVE;
				CLANG_WARN_UNREACHABLE_CODE = YES;
				CLANG_WARN__DUPLICATE_METHOD_MATCH = YES;
				CODE_SIGN_IDENTITY = "Mac Developer";
				COPY_PHASE_STRIP = NO;
				DEBUG_INFORMATION_FORMAT = dwarf;
				ENABLE_STRICT_OBJC_MSGSEND = YES;
				ENABLE_TESTABILITY = YES;
				GCC_C_LANGUAGE_STANDARD = gnu11;
				GCC_DYNAMIC_NO_PIC = NO;
				GCC_NO_COMMON_BLOCKS = YES;
				GCC_OPTIMIZATION_LEVEL = 0;
				GCC_PREPROCESSOR_DEFINITIONS = (
					"DEBUG=1",
					"$(inherited)",
				);
				GCC_WARN_64_TO_32_BIT_CONVERSION = YES;
				GCC_WARN_ABOUT_RETURN_TYPE = YES_ERROR;
				GCC_WARN_UNDECLARED_SELECTOR = YES;
				GCC_WARN_UNINITIALIZED_AUTOS = YES_AGGRESSIVE;
				GCC_WARN_UNUSED_FUNCTION = YES;
				GCC_WARN_UNUSED_VARIABLE = YES;
				MACOSX_DEPLOYMENT_TARGET = 10.14;
				MTL_ENABLE_DEBUG_INFO = INCLUDE_SOURCE;
				MTL_FAST_MATH = YES;
				ONLY_ACTIVE_ARCH = YES;
				SDKROOT = macosx;
				SWIFT_ACTIVE_COMPILATION_CONDITIONS = DEBUG;
				SWIFT_OPTIMIZATION_LEVEL = "-Onone";
			};
			name = Debug;
		};
		55C4B894227C81C400584680 /* Release */ = {
			isa = XCBuildConfiguration;
			buildSettings = {
				ALWAYS_SEARCH_USER_PATHS = NO;
				CLANG_ANALYZER_NONNULL = YES;
				CLANG_ANALYZER_NUMBER_OBJECT_CONVERSION = YES_AGGRESSIVE;
				CLANG_CXX_LANGUAGE_STANDARD = "gnu++14";
				CLANG_CXX_LIBRARY = "libc++";
				CLANG_ENABLE_MODULES = YES;
				CLANG_ENABLE_OBJC_ARC = YES;
				CLANG_ENABLE_OBJC_WEAK = YES;
				CLANG_WARN_BLOCK_CAPTURE_AUTORELEASING = YES;
				CLANG_WARN_BOOL_CONVERSION = YES;
				CLANG_WARN_COMMA = YES;
				CLANG_WARN_CONSTANT_CONVERSION = YES;
				CLANG_WARN_DEPRECATED_OBJC_IMPLEMENTATIONS = YES;
				CLANG_WARN_DIRECT_OBJC_ISA_USAGE = YES_ERROR;
				CLANG_WARN_DOCUMENTATION_COMMENTS = YES;
				CLANG_WARN_EMPTY_BODY = YES;
				CLANG_WARN_ENUM_CONVERSION = YES;
				CLANG_WARN_INFINITE_RECURSION = YES;
				CLANG_WARN_INT_CONVERSION = YES;
				CLANG_WARN_NON_LITERAL_NULL_CONVERSION = YES;
				CLANG_WARN_OBJC_IMPLICIT_RETAIN_SELF = YES;
				CLANG_WARN_OBJC_LITERAL_CONVERSION = YES;
				CLANG_WARN_OBJC_ROOT_CLASS = YES_ERROR;
				CLANG_WARN_RANGE_LOOP_ANALYSIS = YES;
				CLANG_WARN_STRICT_PROTOTYPES = YES;
				CLANG_WARN_SUSPICIOUS_MOVE = YES;
				CLANG_WARN_UNGUARDED_AVAILABILITY = YES_AGGRESSIVE;
				CLANG_WARN_UNREACHABLE_CODE = YES;
				CLANG_WARN__DUPLICATE_METHOD_MATCH = YES;
				CODE_SIGN_IDENTITY = "Mac Developer";
				COPY_PHASE_STRIP = NO;
				DEBUG_INFORMATION_FORMAT = "dwarf-with-dsym";
				ENABLE_NS_ASSERTIONS = NO;
				ENABLE_STRICT_OBJC_MSGSEND = YES;
				GCC_C_LANGUAGE_STANDARD = gnu11;
				GCC_NO_COMMON_BLOCKS = YES;
				GCC_WARN_64_TO_32_BIT_CONVERSION = YES;
				GCC_WARN_ABOUT_RETURN_TYPE = YES_ERROR;
				GCC_WARN_UNDECLARED_SELECTOR = YES;
				GCC_WARN_UNINITIALIZED_AUTOS = YES_AGGRESSIVE;
				GCC_WARN_UNUSED_FUNCTION = YES;
				GCC_WARN_UNUSED_VARIABLE = YES;
				MACOSX_DEPLOYMENT_TARGET = 10.14;
				MTL_ENABLE_DEBUG_INFO = NO;
				MTL_FAST_MATH = YES;
				SDKROOT = macosx;
				SWIFT_COMPILATION_MODE = wholemodule;
				SWIFT_OPTIMIZATION_LEVEL = "-O";
			};
			name = Release;
		};
		55C4B896227C81C400584680 /* Debug */ = {
			isa = XCBuildConfiguration;
			buildSettings = {
				CODE_SIGN_STYLE = Automatic;
				DEVELOPMENT_TEAM = 7ZG5FS3BDG;
				PRODUCT_NAME = "$(TARGET_NAME)";
				SWIFT_VERSION = 5.0;
			};
			name = Debug;
		};
		55C4B897227C81C400584680 /* Release */ = {
			isa = XCBuildConfiguration;
			buildSettings = {
				CODE_SIGN_STYLE = Automatic;
				DEVELOPMENT_TEAM = 7ZG5FS3BDG;
				PRODUCT_NAME = "$(TARGET_NAME)";
				SWIFT_VERSION = 5.0;
			};
			name = Release;
		};
/* End XCBuildConfiguration section */

/* Begin XCConfigurationList section */
		2A45817A22F0674B0053B2F9 /* Build configuration list for PBXNativeTarget "SwiftConfigurationTests" */ = {
			isa = XCConfigurationList;
			buildConfigurations = (
				2A45817822F0674B0053B2F9 /* Debug */,
				2A45817922F0674B0053B2F9 /* Release */,
			);
			defaultConfigurationIsVisible = 0;
			defaultConfigurationName = Release;
		};
		55C4B889227C81C400584680 /* Build configuration list for PBXProject "SwiftConfiguration" */ = {
			isa = XCConfigurationList;
			buildConfigurations = (
				55C4B893227C81C400584680 /* Debug */,
				55C4B894227C81C400584680 /* Release */,
			);
			defaultConfigurationIsVisible = 0;
			defaultConfigurationName = Release;
		};
		55C4B895227C81C400584680 /* Build configuration list for PBXNativeTarget "SwiftConfiguration" */ = {
			isa = XCConfigurationList;
			buildConfigurations = (
				55C4B896227C81C400584680 /* Debug */,
				55C4B897227C81C400584680 /* Release */,
			);
			defaultConfigurationIsVisible = 0;
			defaultConfigurationName = Release;
		};
/* End XCConfigurationList section */
	};
	rootObject = 55C4B886227C81C400584680 /* Project object */;
}
